
Microsoft Visual Studio Solution File, Format Version 12.00
# Visual Studio Version 16
VisualStudioVersion = 16.0.33927.289
MinimumVisualStudioVersion = 10.0.40219.1
Project("{8BC9CEB8-8B4A-11D0-8D11-00A0C91BC942}") = "Alogrithm", "Alogrithm.vcxproj", "{7F52F8F1-2582-4472-9231-D99C3B566FE9}"
EndProject
Global
	GlobalSection(SolutionConfigurationPlatforms) = preSolution
		Debug|x64 = Debug|x64
		Debug|x86 = Debug|x86
		Release|x64 = Release|x64
		Release|x86 = Release|x86
	EndGlobalSection
	GlobalSection(ProjectConfigurationPlatforms) = postSolution
		{7F52F8F1-2582-4472-9231-D99C3B566FE9}.Debug|x64.ActiveCfg = Debug|x64
		{7F52F8F1-2582-4472-9231-D99C3B566FE9}.Debug|x64.Build.0 = Debug|x64
		{7F52F8F1-2582-4472-9231-D99C3B566FE9}.Debug|x86.ActiveCfg = Debug|Win32
		{7F52F8F1-2582-4472-9231-D99C3B566FE9}.Debug|x86.Build.0 = Debug|Win32
		{7F52F8F1-2582-4472-9231-D99C3B566FE9}.Release|x64.ActiveCfg = Release|x64
		{7F52F8F1-2582-4472-9231-D99C3B566FE9}.Release|x64.Build.0 = Release|x64
		{7F52F8F1-2582-4472-9231-D99C3B566FE9}.Release|x86.ActiveCfg = Release|Win32
		{7F52F8F1-2582-4472-9231-D99C3B566FE9}.Release|x86.Build.0 = Release|Win32
	EndGlobalSection
	GlobalSection(SolutionProperties) = preSolution
		HideSolutionNode = FALSE
	EndGlobalSection
	GlobalSection(ExtensibilityGlobals) = postSolution
		SolutionGuid = {23E6C059-D5D8-4931-82F5-0DA8507F01BF}
	EndGlobalSection
EndGlobal
